// !$*UTF8*$!
{
	archiveVersion = 1;
	classes = {
	};
	objectVersion = 46;
	objects = {

/* Begin PBXBuildFile section */
		61D4827320A82F37009CCD74 /* AppDelegate.swift in Sources */ = {isa = PBXBuildFile; fileRef = 61D4827220A82F37009CCD74 /* AppDelegate.swift */; };
		61D4827520A82F37009CCD74 /* ViewController.swift in Sources */ = {isa = PBXBuildFile; fileRef = 61D4827420A82F37009CCD74 /* ViewController.swift */; };
		61D4827820A82F37009CCD74 /* Main.storyboard in Resources */ = {isa = PBXBuildFile; fileRef = 61D4827620A82F37009CCD74 /* Main.storyboard */; };
		61D4827A20A82F37009CCD74 /* Assets.xcassets in Resources */ = {isa = PBXBuildFile; fileRef = 61D4827920A82F37009CCD74 /* Assets.xcassets */; };
		61D4827D20A82F37009CCD74 /* LaunchScreen.storyboard in Resources */ = {isa = PBXBuildFile; fileRef = 61D4827B20A82F37009CCD74 /* LaunchScreen.storyboard */; };
		61D4828920A832A8009CCD74 /* CardModel.swift in Sources */ = {isa = PBXBuildFile; fileRef = 61D4828820A832A8009CCD74 /* CardModel.swift */; };
		61D4828B20A84DE0009CCD74 /* CardView.swift in Sources */ = {isa = PBXBuildFile; fileRef = 61D4828A20A84DE0009CCD74 /* CardView.swift */; };
		61D4829520A86A25009CCD74 /* CardView.xib in Resources */ = {isa = PBXBuildFile; fileRef = 61D4829420A86A25009CCD74 /* CardView.xib */; };
/* End PBXBuildFile section */

/* Begin PBXFileReference section */
		61D4826F20A82F37009CCD74 /* BlackjackApp.app */ = {isa = PBXFileReference; explicitFileType = wrapper.application; includeInIndex = 0; path = BlackjackApp.app; sourceTree = BUILT_PRODUCTS_DIR; };
		61D4827220A82F37009CCD74 /* AppDelegate.swift */ = {isa = PBXFileReference; lastKnownFileType = sourcecode.swift; name = AppDelegate.swift; path = ../AppDelegate.swift; sourceTree = "<group>"; };
		61D4827420A82F37009CCD74 /* ViewController.swift */ = {isa = PBXFileReference; lastKnownFileType = sourcecode.swift; name = ViewController.swift; path = ../ViewController.swift; sourceTree = "<group>"; };
		61D4827720A82F37009CCD74 /* Base */ = {isa = PBXFileReference; lastKnownFileType = file.storyboard; name = Base; path = Base.lproj/Main.storyboard; sourceTree = "<group>"; };
		61D4827920A82F37009CCD74 /* Assets.xcassets */ = {isa = PBXFileReference; lastKnownFileType = folder.assetcatalog; name = Assets.xcassets; path = ../Assets.xcassets; sourceTree = "<group>"; };
		61D4827C20A82F37009CCD74 /* Base */ = {isa = PBXFileReference; lastKnownFileType = file.storyboard; name = Base; path = Base.lproj/LaunchScreen.storyboard; sourceTree = "<group>"; };
		61D4827E20A82F37009CCD74 /* Info.plist */ = {isa = PBXFileReference; lastKnownFileType = text.plist.xml; name = Info.plist; path = ../Info.plist; sourceTree = "<group>"; };
		61D4828820A832A8009CCD74 /* CardModel.swift */ = {isa = PBXFileReference; fileEncoding = 4; lastKnownFileType = sourcecode.swift; path = CardModel.swift; sourceTree = "<group>"; };
		61D4828A20A84DE0009CCD74 /* CardView.swift */ = {isa = PBXFileReference; fileEncoding = 4; lastKnownFileType = sourcecode.swift; path = CardView.swift; sourceTree = "<group>"; };
		61D4829420A86A25009CCD74 /* CardView.xib */ = {isa = PBXFileReference; fileEncoding = 4; lastKnownFileType = file.xib; path = CardView.xib; sourceTree = "<group>"; };
/* End PBXFileReference section */

/* Begin PBXFrameworksBuildPhase section */
		61D4826C20A82F37009CCD74 /* Frameworks */ = {
			isa = PBXFrameworksBuildPhase;
			buildActionMask = 2147483647;
			files = (
			);
			runOnlyForDeploymentPostprocessing = 0;
		};
/* End PBXFrameworksBuildPhase section */

/* Begin PBXGroup section */
		61D4826620A82F37009CCD74 = {
			isa = PBXGroup;
			children = (
				61D4827120A82F37009CCD74 /* BlackjackApp */,
				61D4827020A82F37009CCD74 /* Products */,
			);
			sourceTree = "<group>";
		};
		61D4827020A82F37009CCD74 /* Products */ = {
			isa = PBXGroup;
			children = (
				61D4826F20A82F37009CCD74 /* BlackjackApp.app */,
			);
			name = Products;
			sourceTree = "<group>";
		};
		61D4827120A82F37009CCD74 /* BlackjackApp */ = {
			isa = PBXGroup;
			children = (
				61D4828720A82F95009CCD74 /* SupportFiles */,
				61D4828620A82F76009CCD74 /* Views */,
				61D4828520A82F6E009CCD74 /* Models */,
				61D4828420A82F65009CCD74 /* Controllers */,
			);
			path = BlackjackApp;
			sourceTree = "<group>";
		};
		61D4828420A82F65009CCD74 /* Controllers */ = {
			isa = PBXGroup;
			children = (
				61D4827420A82F37009CCD74 /* ViewController.swift */,
			);
			path = Controllers;
			sourceTree = "<group>";
		};
		61D4828520A82F6E009CCD74 /* Models */ = {
			isa = PBXGroup;
			children = (
				61D4828820A832A8009CCD74 /* CardModel.swift */,
			);
			name = Models;
			path = BlackjackApp/Models;
			sourceTree = SOURCE_ROOT;
		};
		61D4828620A82F76009CCD74 /* Views */ = {
			isa = PBXGroup;
			children = (
				61D4828A20A84DE0009CCD74 /* CardView.swift */,
				61D4829420A86A25009CCD74 /* CardView.xib */,
			);
			path = Views;
			sourceTree = "<group>";
		};
		61D4828720A82F95009CCD74 /* SupportFiles */ = {
			isa = PBXGroup;
			children = (
				61D4827220A82F37009CCD74 /* AppDelegate.swift */,
				61D4827620A82F37009CCD74 /* Main.storyboard */,
				61D4827920A82F37009CCD74 /* Assets.xcassets */,
				61D4827B20A82F37009CCD74 /* LaunchScreen.storyboard */,
				61D4827E20A82F37009CCD74 /* Info.plist */,
			);
			path = SupportFiles;
			sourceTree = "<group>";
		};
/* End PBXGroup section */

/* Begin PBXNativeTarget section */
		61D4826E20A82F37009CCD74 /* BlackjackApp */ = {
			isa = PBXNativeTarget;
			buildConfigurationList = 61D4828120A82F37009CCD74 /* Build configuration list for PBXNativeTarget "BlackjackApp" */;
			buildPhases = (
				61D4826B20A82F37009CCD74 /* Sources */,
				61D4826C20A82F37009CCD74 /* Frameworks */,
				61D4826D20A82F37009CCD74 /* Resources */,
			);
			buildRules = (
			);
			dependencies = (
			);
			name = BlackjackApp;
			productName = BlackjackApp;
			productReference = 61D4826F20A82F37009CCD74 /* BlackjackApp.app */;
			productType = "com.apple.product-type.application";
		};
/* End PBXNativeTarget section */

/* Begin PBXProject section */
		61D4826720A82F37009CCD74 /* Project object */ = {
			isa = PBXProject;
			attributes = {
				LastSwiftUpdateCheck = 0720;
				LastUpgradeCheck = 0720;
				ORGANIZATIONNAME = "Universidad de Lima";
				TargetAttributes = {
					61D4826E20A82F37009CCD74 = {
						CreatedOnToolsVersion = 7.2.1;
					};
				};
			};
			buildConfigurationList = 61D4826A20A82F37009CCD74 /* Build configuration list for PBXProject "BlackjackApp" */;
			compatibilityVersion = "Xcode 3.2";
			developmentRegion = English;
			hasScannedForEncodings = 0;
			knownRegions = (
				en,
				Base,
			);
			mainGroup = 61D4826620A82F37009CCD74;
			productRefGroup = 61D4827020A82F37009CCD74 /* Products */;
			projectDirPath = "";
			projectRoot = "";
			targets = (
				61D4826E20A82F37009CCD74 /* BlackjackApp */,
			);
		};
/* End PBXProject section */

/* Begin PBXResourcesBuildPhase section */
		61D4826D20A82F37009CCD74 /* Resources */ = {
			isa = PBXResourcesBuildPhase;
			buildActionMask = 2147483647;
			files = (
				61D4827D20A82F37009CCD74 /* LaunchScreen.storyboard in Resources */,
				61D4827A20A82F37009CCD74 /* Assets.xcassets in Resources */,
				61D4829520A86A25009CCD74 /* CardView.xib in Resources */,
				61D4827820A82F37009CCD74 /* Main.storyboard in Resources */,
			);
			runOnlyForDeploymentPostprocessing = 0;
		};
/* End PBXResourcesBuildPhase section */

/* Begin PBXSourcesBuildPhase section */
		61D4826B20A82F37009CCD74 /* Sources */ = {
			isa = PBXSourcesBuildPhase;
			buildActionMask = 2147483647;
			files = (
				61D4827520A82F37009CCD74 /* ViewController.swift in Sources */,
				61D4828920A832A8009CCD74 /* CardModel.swift in Sources */,
				61D4828B20A84DE0009CCD74 /* CardView.swift in Sources */,
				61D4827320A82F37009CCD74 /* AppDelegate.swift in Sources */,
			);
			runOnlyForDeploymentPostprocessing = 0;
		};
/* End PBXSourcesBuildPhase section */

/* Begin PBXVariantGroup section */
		61D4827620A82F37009CCD74 /* Main.storyboard */ = {
			isa = PBXVariantGroup;
			children = (
				61D4827720A82F37009CCD74 /* Base */,
			);
			name = Main.storyboard;
			path = ..;
			sourceTree = "<group>";
		};
		61D4827B20A82F37009CCD74 /* LaunchScreen.storyboard */ = {
			isa = PBXVariantGroup;
			children = (
				61D4827C20A82F37009CCD74 /* Base */,
			);
			name = LaunchScreen.storyboard;
			path = ..;
			sourceTree = "<group>";
		};
/* End PBXVariantGroup section */

/* Begin XCBuildConfiguration section */
		61D4827F20A82F37009CCD74 /* Debug */ = {
			isa = XCBuildConfiguration;
			buildSettings = {
				ALWAYS_SEARCH_USER_PATHS = NO;
				CLANG_CXX_LANGUAGE_STANDARD = "gnu++0x";
				CLANG_CXX_LIBRARY = "libc++";
				CLANG_ENABLE_MODULES = YES;
				CLANG_ENABLE_OBJC_ARC = YES;
				CLANG_WARN_BOOL_CONVERSION = YES;
				CLANG_WARN_CONSTANT_CONVERSION = YES;
				CLANG_WARN_DIRECT_OBJC_ISA_USAGE = YES_ERROR;
				CLANG_WARN_EMPTY_BODY = YES;
				CLANG_WARN_ENUM_CONVERSION = YES;
				CLANG_WARN_INT_CONVERSION = YES;
				CLANG_WARN_OBJC_ROOT_CLASS = YES_ERROR;
				CLANG_WARN_UNREACHABLE_CODE = YES;
				CLANG_WARN__DUPLICATE_METHOD_MATCH = YES;
				"CODE_SIGN_IDENTITY[sdk=iphoneos*]" = "iPhone Developer";
				COPY_PHASE_STRIP = NO;
				DEBUG_INFORMATION_FORMAT = dwarf;
				ENABLE_STRICT_OBJC_MSGSEND = YES;
				ENABLE_TESTABILITY = YES;
				GCC_C_LANGUAGE_STANDARD = gnu99;
				GCC_DYNAMIC_NO_PIC = NO;
				GCC_NO_COMMON_BLOCKS = YES;
				GCC_OPTIMIZATION_LEVEL = 0;
				GCC_PREPROCESSOR_DEFINITIONS = (
					"DEBUG=1",
					"$(inherited)",
				);
				GCC_WARN_64_TO_32_BIT_CONVERSION = YES;
				GCC_WARN_ABOUT_RETURN_TYPE = YES_ERROR;
				GCC_WARN_UNDECLARED_SELECTOR = YES;
				GCC_WARN_UNINITIALIZED_AUTOS = YES_AGGRESSIVE;
				GCC_WARN_UNUSED_FUNCTION = YES;
				GCC_WARN_UNUSED_VARIABLE = YES;
				IPHONEOS_DEPLOYMENT_TARGET = 9.2;
				MTL_ENABLE_DEBUG_INFO = YES;
				ONLY_ACTIVE_ARCH = YES;
				SDKROOT = iphoneos;
				SWIFT_OPTIMIZATION_LEVEL = "-Onone";
				TARGETED_DEVICE_FAMILY = "1,2";
			};
			name = Debug;
		};
		61D4828020A82F37009CCD74 /* Release */ = {
			isa = XCBuildConfiguration;
			buildSettings = {
				ALWAYS_SEARCH_USER_PATHS = NO;
				CLANG_CXX_LANGUAGE_STANDARD = "gnu++0x";
				CLANG_CXX_LIBRARY = "libc++";
				CLANG_ENABLE_MODULES = YES;
				CLANG_ENABLE_OBJC_ARC = YES;
				CLANG_WARN_BOOL_CONVERSION = YES;
				CLANG_WARN_CONSTANT_CONVERSION = YES;
				CLANG_WARN_DIRECT_OBJC_ISA_USAGE = YES_ERROR;
				CLANG_WARN_EMPTY_BODY = YES;
				CLANG_WARN_ENUM_CONVERSION = YES;
				CLANG_WARN_INT_CONVERSION = YES;
				CLANG_WARN_OBJC_ROOT_CLASS = YES_ERROR;
				CLANG_WARN_UNREACHABLE_CODE = YES;
				CLANG_WARN__DUPLICATE_METHOD_MATCH = YES;
				"CODE_SIGN_IDENTITY[sdk=iphoneos*]" = "iPhone Developer";
				COPY_PHASE_STRIP = NO;
				DEBUG_INFORMATION_FORMAT = "dwarf-with-dsym";
				ENABLE_NS_ASSERTIONS = NO;
				ENABLE_STRICT_OBJC_MSGSEND = YES;
				GCC_C_LANGUAGE_STANDARD = gnu99;
				GCC_NO_COMMON_BLOCKS = YES;
				GCC_WARN_64_TO_32_BIT_CONVERSION = YES;
				GCC_WARN_ABOUT_RETURN_TYPE = YES_ERROR;
				GCC_WARN_UNDECLARED_SELECTOR = YES;
				GCC_WARN_UNINITIALIZED_AUTOS = YES_AGGRESSIVE;
				GCC_WARN_UNUSED_FUNCTION = YES;
				GCC_WARN_UNUSED_VARIABLE = YES;
				IPHONEOS_DEPLOYMENT_TARGET = 9.2;
				MTL_ENABLE_DEBUG_INFO = NO;
				SDKROOT = iphoneos;
				TARGETED_DEVICE_FAMILY = "1,2";
				VALIDATE_PRODUCT = YES;
			};
			name = Release;
		};
		61D4828220A82F37009CCD74 /* Debug */ = {
			isa = XCBuildConfiguration;
			buildSettings = {
				ASSETCATALOG_COMPILER_APPICON_NAME = AppIcon;
				INFOPLIST_FILE = BlackjackApp/Info.plist;
				LD_RUNPATH_SEARCH_PATHS = "$(inherited) @executable_path/Frameworks";
				PRODUCT_BUNDLE_IDENTIFIER = ULima.BlackjackApp;
				PRODUCT_NAME = "$(TARGET_NAME)";
			};
			name = Debug;
		};
		61D4828320A82F37009CCD74 /* Release */ = {
			isa = XCBuildConfiguration;
			buildSettings = {
				ASSETCATALOG_COMPILER_APPICON_NAME = AppIcon;
				INFOPLIST_FILE = BlackjackApp/Info.plist;
				LD_RUNPATH_SEARCH_PATHS = "$(inherited) @executable_path/Frameworks";
				PRODUCT_BUNDLE_IDENTIFIER = ULima.BlackjackApp;
				PRODUCT_NAME = "$(TARGET_NAME)";
			};
			name = Release;
		};
/* End XCBuildConfiguration section */

/* Begin XCConfigurationList section */
		61D4826A20A82F37009CCD74 /* Build configuration list for PBXProject "BlackjackApp" */ = {
			isa = XCConfigurationList;
			buildConfigurations = (
				61D4827F20A82F37009CCD74 /* Debug */,
				61D4828020A82F37009CCD74 /* Release */,
			);
			defaultConfigurationIsVisible = 0;
			defaultConfigurationName = Release;
		};
		61D4828120A82F37009CCD74 /* Build configuration list for PBXNativeTarget "BlackjackApp" */ = {
			isa = XCConfigurationList;
			buildConfigurations = (
				61D4828220A82F37009CCD74 /* Debug */,
				61D4828320A82F37009CCD74 /* Release */,
			);
			defaultConfigurationIsVisible = 0;
		};
/* End XCConfigurationList section */
	};
	rootObject = 61D4826720A82F37009CCD74 /* Project object */;
}
